<?xml version="1.0" encoding="UTF-8" standalone="yes" ?>
<CodeBlocks_project_file>
	<FileVersion major="1" minor="6" />
	<Project>
		<Option title="ShootThemUp" />
		<Option pch_mode="2" />
		<Option compiler="gcc" />
		<Option virtualFolders="UnitTests/;" />
		<Build>
			<Target title="Debug">
				<Option output="bin/Debug/ShootThemUp" prefix_auto="1" extension_auto="1" />
				<Option object_output="obj/Debug/src" />
				<Option type="1" />
				<Option compiler="gcc" />
				<Compiler>
					<Add option="-std=c++11" />
					<Add option="-std=c++0x" />
					<Add option="-Wall" />
					<Add option="-g" />
					<Add option="-std=gnu++11" />
					<Add directory="include" />
					<Add directory="src" />
					<Add directory="src/" />
				</Compiler>
				<ResourceCompiler>
					<Add directory="src" />
					<Add directory="include" />
					<Add directory="UT" />
				</ResourceCompiler>
			</Target>
			<Target title="Release">
				<Option output="bin/Release/ShootThemUp" prefix_auto="1" extension_auto="1" />
				<Option object_output="obj/Release/" />
				<Option type="1" />
				<Option compiler="gcc" />
				<Compiler>
					<Add option="-O2" />
				</Compiler>
				<Linker>
					<Add option="-s" />
				</Linker>
			</Target>
			<Target title="Test">
				<Option output="ShootThemUp" prefix_auto="1" extension_auto="1" />
				<Option object_output="obj/Debug/UT" />
				<Option type="1" />
				<Option compiler="gcc" />
				<Linker>
					<Add option="-L/usr/lib/ -lboost_unit_test_framework" />
				</Linker>
			</Target>
		</Build>
		<Compiler>
			<Add option="-std=c++0x" />
			<Add option="-Wall" />
			<Add option="-fexceptions" />
		</Compiler>
		<Linker>
			<Add library="sfml-graphics" />
			<Add library="sfml-window" />
			<Add library="sfml-system" />
		</Linker>
		<Unit filename="include/Ennemy.h" />
		<Unit filename="include/GameEnd.h" />
		<Unit filename="include/GameMenu.h" />
		<Unit filename="include/GameModel.h" />
		<Unit filename="include/GamePlay.h" />
		<Unit filename="include/GameState.h" />
		<Unit filename="include/GameStateView.h" />
		<Unit filename="include/GameView.h" />
		<Unit filename="include/GraphicElement.h" />
		<Unit filename="include/MovableElement.h" />
		<Unit filename="include/Player.h" />
		<Unit filename="include/Projectile.h" />
		<Unit filename="include/Spaceship.h" />
		<Unit filename="include/StateView.h" />
		<Unit filename="include/StateViewMenu.h" />
		<Unit filename="include/StateViewPlay.h" />
		<Unit filename="include/Weapon.h" />
		<Unit filename="src/Ennemy.cc" />
		<Unit filename="src/GameEnd.cc" />
		<Unit filename="src/GameMenu.cc" />
		<Unit filename="src/GameModel.cc" />
		<Unit filename="src/GamePlay.cc" />
		<Unit filename="src/GameState.cc" />
		<Unit filename="src/GameStateView.cc" />
		<Unit filename="src/GameView.cc" />
		<Unit filename="src/GraphicElement.cc" />
		<Unit filename="src/MovableElement.cc" />
		<Unit filename="src/Player.cc" />
		<Unit filename="src/Projectile.cc" />
		<Unit filename="src/Spaceship.cc" />
		<Unit filename="src/StateView.cc" />
		<Unit filename="src/StateViewMenu.cc" />
		<Unit filename="src/StateViewPlay.cc" />
		<Unit filename="src/Weapon.cc" />
		<Unit filename="src/main.cpp" />
		<Extensions>
			<code_completion />
			<debugger />
			<envvars />
		</Extensions>
	</Project>
</CodeBlocks_project_file>
